
Microsoft Visual Studio Solution File, Format Version 12.00
# Visual Studio 15
VisualStudioVersion = 15.0.26124.0
MinimumVisualStudioVersion = 15.0.26124.0
Project("{FAE04EC0-301F-11D3-BF4B-00C04F79EFBC}") = "CSharpChallenges", "CSharpChallenges\CSharpChallenges.csproj", "{D59053BA-6E2F-48CD-BF37-ED9EB83AFE58}"
EndProject
Project("{FAE04EC0-301F-11D3-BF4B-00C04F79EFBC}") = "CSharpChallenges.Tests", "CSharpChallenges.Tests\CSharpChallenges.Tests.csproj", "{BBE474A6-A260-4BE4-9606-FAB23F3EBF99}"
EndProject
Global
	GlobalSection(SolutionConfigurationPlatforms) = preSolution
		Debug|Any CPU = Debug|Any CPU
		Debug|x64 = Debug|x64
		Debug|x86 = Debug|x86
		Release|Any CPU = Release|Any CPU
		Release|x64 = Release|x64
		Release|x86 = Release|x86
	EndGlobalSection
	GlobalSection(SolutionProperties) = preSolution
		HideSolutionNode = FALSE
	EndGlobalSection
	GlobalSection(ProjectConfigurationPlatforms) = postSolution
		{D59053BA-6E2F-48CD-BF37-ED9EB83AFE58}.Debug|Any CPU.ActiveCfg = Debug|Any CPU
		{D59053BA-6E2F-48CD-BF37-ED9EB83AFE58}.Debug|Any CPU.Build.0 = Debug|Any CPU
		{D59053BA-6E2F-48CD-BF37-ED9EB83AFE58}.Debug|x64.ActiveCfg = Debug|Any CPU
		{D59053BA-6E2F-48CD-BF37-ED9EB83AFE58}.Debug|x64.Build.0 = Debug|Any CPU
		{D59053BA-6E2F-48CD-BF37-ED9EB83AFE58}.Debug|x86.ActiveCfg = Debug|Any CPU
		{D59053BA-6E2F-48CD-BF37-ED9EB83AFE58}.Debug|x86.Build.0 = Debug|Any CPU
		{D59053BA-6E2F-48CD-BF37-ED9EB83AFE58}.Release|Any CPU.ActiveCfg = Release|Any CPU
		{D59053BA-6E2F-48CD-BF37-ED9EB83AFE58}.Release|Any CPU.Build.0 = Release|Any CPU
		{D59053BA-6E2F-48CD-BF37-ED9EB83AFE58}.Release|x64.ActiveCfg = Release|Any CPU
		{D59053BA-6E2F-48CD-BF37-ED9EB83AFE58}.Release|x64.Build.0 = Release|Any CPU
		{D59053BA-6E2F-48CD-BF37-ED9EB83AFE58}.Release|x86.ActiveCfg = Release|Any CPU
		{D59053BA-6E2F-48CD-BF37-ED9EB83AFE58}.Release|x86.Build.0 = Release|Any CPU
		{BBE474A6-A260-4BE4-9606-FAB23F3EBF99}.Debug|Any CPU.ActiveCfg = Debug|Any CPU
		{BBE474A6-A260-4BE4-9606-FAB23F3EBF99}.Debug|Any CPU.Build.0 = Debug|Any CPU
		{BBE474A6-A260-4BE4-9606-FAB23F3EBF99}.Debug|x64.ActiveCfg = Debug|Any CPU
		{BBE474A6-A260-4BE4-9606-FAB23F3EBF99}.Debug|x64.Build.0 = Debug|Any CPU
		{BBE474A6-A260-4BE4-9606-FAB23F3EBF99}.Debug|x86.ActiveCfg = Debug|Any CPU
		{BBE474A6-A260-4BE4-9606-FAB23F3EBF99}.Debug|x86.Build.0 = Debug|Any CPU
		{BBE474A6-A260-4BE4-9606-FAB23F3EBF99}.Release|Any CPU.ActiveCfg = Release|Any CPU
		{BBE474A6-A260-4BE4-9606-FAB23F3EBF99}.Release|Any CPU.Build.0 = Release|Any CPU
		{BBE474A6-A260-4BE4-9606-FAB23F3EBF99}.Release|x64.ActiveCfg = Release|Any CPU
		{BBE474A6-A260-4BE4-9606-FAB23F3EBF99}.Release|x64.Build.0 = Release|Any CPU
		{BBE474A6-A260-4BE4-9606-FAB23F3EBF99}.Release|x86.ActiveCfg = Release|Any CPU
		{BBE474A6-A260-4BE4-9606-FAB23F3EBF99}.Release|x86.Build.0 = Release|Any CPU
	EndGlobalSection
EndGlobal
